// !$*UTF8*$!
{
	archiveVersion = 1;
	classes = {
	};
	objectVersion = 50;
	objects = {

/* Begin PBXBuildFile section */
		57F218DA21ECEF9600C9994A /* AppDelegate.swift in Sources */ = {isa = PBXBuildFile; fileRef = 57F218D921ECEF9600C9994A /* AppDelegate.swift */; };
		57F218DC21ECEF9600C9994A /* PhotoPickerViewController.swift in Sources */ = {isa = PBXBuildFile; fileRef = 57F218DB21ECEF9600C9994A /* PhotoPickerViewController.swift */; };
		57F218DF21ECEF9600C9994A /* Main.storyboard in Resources */ = {isa = PBXBuildFile; fileRef = 57F218DD21ECEF9600C9994A /* Main.storyboard */; };
		57F218E121ECEF9700C9994A /* Assets.xcassets in Resources */ = {isa = PBXBuildFile; fileRef = 57F218E021ECEF9700C9994A /* Assets.xcassets */; };
		57F218E421ECEF9700C9994A /* LaunchScreen.storyboard in Resources */ = {isa = PBXBuildFile; fileRef = 57F218E221ECEF9700C9994A /* LaunchScreen.storyboard */; };
		57F218EC21ED1F9600C9994A /* PhotoJournal.swift in Sources */ = {isa = PBXBuildFile; fileRef = 57F218EB21ED1F9600C9994A /* PhotoJournal.swift */; };
		57F218EE21ED203300C9994A /* DataPersistenceManager.swift in Sources */ = {isa = PBXBuildFile; fileRef = 57F218ED21ED203300C9994A /* DataPersistenceManager.swift */; };
		57F218F021ED22B300C9994A /* PhotoJournalModel.swift in Sources */ = {isa = PBXBuildFile; fileRef = 57F218EF21ED22B300C9994A /* PhotoJournalModel.swift */; };
/* End PBXBuildFile section */

/* Begin PBXFileReference section */
		57F218D621ECEF9600C9994A /* ImagePickerDemo.app */ = {isa = PBXFileReference; explicitFileType = wrapper.application; includeInIndex = 0; path = ImagePickerDemo.app; sourceTree = BUILT_PRODUCTS_DIR; };
		57F218D921ECEF9600C9994A /* AppDelegate.swift */ = {isa = PBXFileReference; lastKnownFileType = sourcecode.swift; path = AppDelegate.swift; sourceTree = "<group>"; };
		57F218DB21ECEF9600C9994A /* PhotoPickerViewController.swift */ = {isa = PBXFileReference; lastKnownFileType = sourcecode.swift; path = PhotoPickerViewController.swift; sourceTree = "<group>"; };
		57F218DE21ECEF9600C9994A /* Base */ = {isa = PBXFileReference; lastKnownFileType = file.storyboard; name = Base; path = Base.lproj/Main.storyboard; sourceTree = "<group>"; };
		57F218E021ECEF9700C9994A /* Assets.xcassets */ = {isa = PBXFileReference; lastKnownFileType = folder.assetcatalog; path = Assets.xcassets; sourceTree = "<group>"; };
		57F218E321ECEF9700C9994A /* Base */ = {isa = PBXFileReference; lastKnownFileType = file.storyboard; name = Base; path = Base.lproj/LaunchScreen.storyboard; sourceTree = "<group>"; };
		57F218E521ECEF9700C9994A /* Info.plist */ = {isa = PBXFileReference; lastKnownFileType = text.plist.xml; path = Info.plist; sourceTree = "<group>"; };
		57F218EB21ED1F9600C9994A /* PhotoJournal.swift */ = {isa = PBXFileReference; lastKnownFileType = sourcecode.swift; path = PhotoJournal.swift; sourceTree = "<group>"; };
		57F218ED21ED203300C9994A /* DataPersistenceManager.swift */ = {isa = PBXFileReference; lastKnownFileType = sourcecode.swift; path = DataPersistenceManager.swift; sourceTree = "<group>"; };
		57F218EF21ED22B300C9994A /* PhotoJournalModel.swift */ = {isa = PBXFileReference; lastKnownFileType = sourcecode.swift; path = PhotoJournalModel.swift; sourceTree = "<group>"; };
/* End PBXFileReference section */

/* Begin PBXFrameworksBuildPhase section */
		57F218D321ECEF9600C9994A /* Frameworks */ = {
			isa = PBXFrameworksBuildPhase;
			buildActionMask = 2147483647;
			files = (
			);
			runOnlyForDeploymentPostprocessing = 0;
		};
/* End PBXFrameworksBuildPhase section */

/* Begin PBXGroup section */
		57F218CD21ECEF9600C9994A = {
			isa = PBXGroup;
			children = (
				57F218D821ECEF9600C9994A /* ImagePickerDemo */,
				57F218D721ECEF9600C9994A /* Products */,
			);
			sourceTree = "<group>";
		};
		57F218D721ECEF9600C9994A /* Products */ = {
			isa = PBXGroup;
			children = (
				57F218D621ECEF9600C9994A /* ImagePickerDemo.app */,
			);
			name = Products;
			sourceTree = "<group>";
		};
		57F218D821ECEF9600C9994A /* ImagePickerDemo */ = {
			isa = PBXGroup;
			children = (
				57F218D921ECEF9600C9994A /* AppDelegate.swift */,
				57F218DB21ECEF9600C9994A /* PhotoPickerViewController.swift */,
				57F218ED21ED203300C9994A /* DataPersistenceManager.swift */,
				57F218EF21ED22B300C9994A /* PhotoJournalModel.swift */,
				57F218EB21ED1F9600C9994A /* PhotoJournal.swift */,
				57F218DD21ECEF9600C9994A /* Main.storyboard */,
				57F218E021ECEF9700C9994A /* Assets.xcassets */,
				57F218E221ECEF9700C9994A /* LaunchScreen.storyboard */,
				57F218E521ECEF9700C9994A /* Info.plist */,
			);
			path = ImagePickerDemo;
			sourceTree = "<group>";
		};
/* End PBXGroup section */

/* Begin PBXNativeTarget section */
		57F218D521ECEF9600C9994A /* ImagePickerDemo */ = {
			isa = PBXNativeTarget;
			buildConfigurationList = 57F218E821ECEF9700C9994A /* Build configuration list for PBXNativeTarget "ImagePickerDemo" */;
			buildPhases = (
				57F218D221ECEF9600C9994A /* Sources */,
				57F218D321ECEF9600C9994A /* Frameworks */,
				57F218D421ECEF9600C9994A /* Resources */,
			);
			buildRules = (
			);
			dependencies = (
			);
			name = ImagePickerDemo;
			productName = ImagePickerDemo;
			productReference = 57F218D621ECEF9600C9994A /* ImagePickerDemo.app */;
			productType = "com.apple.product-type.application";
		};
/* End PBXNativeTarget section */

/* Begin PBXProject section */
		57F218CE21ECEF9600C9994A /* Project object */ = {
			isa = PBXProject;
			attributes = {
				LastSwiftUpdateCheck = 1010;
				LastUpgradeCheck = 1010;
				ORGANIZATIONNAME = "Alex Paul";
				TargetAttributes = {
					57F218D521ECEF9600C9994A = {
						CreatedOnToolsVersion = 10.1;
					};
				};
			};
			buildConfigurationList = 57F218D121ECEF9600C9994A /* Build configuration list for PBXProject "ImagePickerDemo" */;
			compatibilityVersion = "Xcode 9.3";
			developmentRegion = en;
			hasScannedForEncodings = 0;
			knownRegions = (
				en,
				Base,
			);
			mainGroup = 57F218CD21ECEF9600C9994A;
			productRefGroup = 57F218D721ECEF9600C9994A /* Products */;
			projectDirPath = "";
			projectRoot = "";
			targets = (
				57F218D521ECEF9600C9994A /* ImagePickerDemo */,
			);
		};
/* End PBXProject section */

/* Begin PBXResourcesBuildPhase section */
		57F218D421ECEF9600C9994A /* Resources */ = {
			isa = PBXResourcesBuildPhase;
			buildActionMask = 2147483647;
			files = (
				57F218E421ECEF9700C9994A /* LaunchScreen.storyboard in Resources */,
				57F218E121ECEF9700C9994A /* Assets.xcassets in Resources */,
				57F218DF21ECEF9600C9994A /* Main.storyboard in Resources */,
			);
			runOnlyForDeploymentPostprocessing = 0;
		};
/* End PBXResourcesBuildPhase section */

/* Begin PBXSourcesBuildPhase section */
		57F218D221ECEF9600C9994A /* Sources */ = {
			isa = PBXSourcesBuildPhase;
			buildActionMask = 2147483647;
			files = (
				57F218DC21ECEF9600C9994A /* PhotoPickerViewController.swift in Sources */,
				57F218EE21ED203300C9994A /* DataPersistenceManager.swift in Sources */,
				57F218F021ED22B300C9994A /* PhotoJournalModel.swift in Sources */,
				57F218DA21ECEF9600C9994A /* AppDelegate.swift in Sources */,
				57F218EC21ED1F9600C9994A /* PhotoJournal.swift in Sources */,
			);
			runOnlyForDeploymentPostprocessing = 0;
		};
/* End PBXSourcesBuildPhase section */

/* Begin PBXVariantGroup section */
		57F218DD21ECEF9600C9994A /* Main.storyboard */ = {
			isa = PBXVariantGroup;
			children = (
				57F218DE21ECEF9600C9994A /* Base */,
			);
			name = Main.storyboard;
			sourceTree = "<group>";
		};
		57F218E221ECEF9700C9994A /* LaunchScreen.storyboard */ = {
			isa = PBXVariantGroup;
			children = (
				57F218E321ECEF9700C9994A /* Base */,
			);
			name = LaunchScreen.storyboard;
			sourceTree = "<group>";
		};
/* End PBXVariantGroup section */

/* Begin XCBuildConfiguration section */
		57F218E621ECEF9700C9994A /* Debug */ = {
			isa = XCBuildConfiguration;
			buildSettings = {
				ALWAYS_SEARCH_USER_PATHS = NO;
				CLANG_ANALYZER_NONNULL = YES;
				CLANG_ANALYZER_NUMBER_OBJECT_CONVERSION = YES_AGGRESSIVE;
				CLANG_CXX_LANGUAGE_STANDARD = "gnu++14";
				CLANG_CXX_LIBRARY = "libc++";
				CLANG_ENABLE_MODULES = YES;
				CLANG_ENABLE_OBJC_ARC = YES;
				CLANG_ENABLE_OBJC_WEAK = YES;
				CLANG_WARN_BLOCK_CAPTURE_AUTORELEASING = YES;
				CLANG_WARN_BOOL_CONVERSION = YES;
				CLANG_WARN_COMMA = YES;
				CLANG_WARN_CONSTANT_CONVERSION = YES;
				CLANG_WARN_DEPRECATED_OBJC_IMPLEMENTATIONS = YES;
				CLANG_WARN_DIRECT_OBJC_ISA_USAGE = YES_ERROR;
				CLANG_WARN_DOCUMENTATION_COMMENTS = YES;
				CLANG_WARN_EMPTY_BODY = YES;
				CLANG_WARN_ENUM_CONVERSION = YES;
				CLANG_WARN_INFINITE_RECURSION = YES;
				CLANG_WARN_INT_CONVERSION = YES;
				CLANG_WARN_NON_LITERAL_NULL_CONVERSION = YES;
				CLANG_WARN_OBJC_IMPLICIT_RETAIN_SELF = YES;
				CLANG_WARN_OBJC_LITERAL_CONVERSION = YES;
				CLANG_WARN_OBJC_ROOT_CLASS = YES_ERROR;
				CLANG_WARN_RANGE_LOOP_ANALYSIS = YES;
				CLANG_WARN_STRICT_PROTOTYPES = YES;
				CLANG_WARN_SUSPICIOUS_MOVE = YES;
				CLANG_WARN_UNGUARDED_AVAILABILITY = YES_AGGRESSIVE;
				CLANG_WARN_UNREACHABLE_CODE = YES;
				CLANG_WARN__DUPLICATE_METHOD_MATCH = YES;
				CODE_SIGN_IDENTITY = "iPhone Developer";
				COPY_PHASE_STRIP = NO;
				DEBUG_INFORMATION_FORMAT = dwarf;
				ENABLE_STRICT_OBJC_MSGSEND = YES;
				ENABLE_TESTABILITY = YES;
				GCC_C_LANGUAGE_STANDARD = gnu11;
				GCC_DYNAMIC_NO_PIC = NO;
				GCC_NO_COMMON_BLOCKS = YES;
				GCC_OPTIMIZATION_LEVEL = 0;
				GCC_PREPROCESSOR_DEFINITIONS = (
					"DEBUG=1",
					"$(inherited)",
				);
				GCC_WARN_64_TO_32_BIT_CONVERSION = YES;
				GCC_WARN_ABOUT_RETURN_TYPE = YES_ERROR;
				GCC_WARN_UNDECLARED_SELECTOR = YES;
				GCC_WARN_UNINITIALIZED_AUTOS = YES_AGGRESSIVE;
				GCC_WARN_UNUSED_FUNCTION = YES;
				GCC_WARN_UNUSED_VARIABLE = YES;
				IPHONEOS_DEPLOYMENT_TARGET = 12.1;
				MTL_ENABLE_DEBUG_INFO = INCLUDE_SOURCE;
				MTL_FAST_MATH = YES;
				ONLY_ACTIVE_ARCH = YES;
				SDKROOT = iphoneos;
				SWIFT_ACTIVE_COMPILATION_CONDITIONS = DEBUG;
				SWIFT_OPTIMIZATION_LEVEL = "-Onone";
			};
			name = Debug;
		};
		57F218E721ECEF9700C9994A /* Release */ = {
			isa = XCBuildConfiguration;
			buildSettings = {
				ALWAYS_SEARCH_USER_PATHS = NO;
				CLANG_ANALYZER_NONNULL = YES;
				CLANG_ANALYZER_NUMBER_OBJECT_CONVERSION = YES_AGGRESSIVE;
				CLANG_CXX_LANGUAGE_STANDARD = "gnu++14";
				CLANG_CXX_LIBRARY = "libc++";
				CLANG_ENABLE_MODULES = YES;
				CLANG_ENABLE_OBJC_ARC = YES;
				CLANG_ENABLE_OBJC_WEAK = YES;
				CLANG_WARN_BLOCK_CAPTURE_AUTORELEASING = YES;
				CLANG_WARN_BOOL_CONVERSION = YES;
				CLANG_WARN_COMMA = YES;
				CLANG_WARN_CONSTANT_CONVERSION = YES;
				CLANG_WARN_DEPRECATED_OBJC_IMPLEMENTATIONS = YES;
				CLANG_WARN_DIRECT_OBJC_ISA_USAGE = YES_ERROR;
				CLANG_WARN_DOCUMENTATION_COMMENTS = YES;
				CLANG_WARN_EMPTY_BODY = YES;
				CLANG_WARN_ENUM_CONVERSION = YES;
				CLANG_WARN_INFINITE_RECURSION = YES;
				CLANG_WARN_INT_CONVERSION = YES;
				CLANG_WARN_NON_LITERAL_NULL_CONVERSION = YES;
				CLANG_WARN_OBJC_IMPLICIT_RETAIN_SELF = YES;
				CLANG_WARN_OBJC_LITERAL_CONVERSION = YES;
				CLANG_WARN_OBJC_ROOT_CLASS = YES_ERROR;
				CLANG_WARN_RANGE_LOOP_ANALYSIS = YES;
				CLANG_WARN_STRICT_PROTOTYPES = YES;
				CLANG_WARN_SUSPICIOUS_MOVE = YES;
				CLANG_WARN_UNGUARDED_AVAILABILITY = YES_AGGRESSIVE;
				CLANG_WARN_UNREACHABLE_CODE = YES;
				CLANG_WARN__DUPLICATE_METHOD_MATCH = YES;
				CODE_SIGN_IDENTITY = "iPhone Developer";
				COPY_PHASE_STRIP = NO;
				DEBUG_INFORMATION_FORMAT = "dwarf-with-dsym";
				ENABLE_NS_ASSERTIONS = NO;
				ENABLE_STRICT_OBJC_MSGSEND = YES;
				GCC_C_LANGUAGE_STANDARD = gnu11;
				GCC_NO_COMMON_BLOCKS = YES;
				GCC_WARN_64_TO_32_BIT_CONVERSION = YES;
				GCC_WARN_ABOUT_RETURN_TYPE = YES_ERROR;
				GCC_WARN_UNDECLARED_SELECTOR = YES;
				GCC_WARN_UNINITIALIZED_AUTOS = YES_AGGRESSIVE;
				GCC_WARN_UNUSED_FUNCTION = YES;
				GCC_WARN_UNUSED_VARIABLE = YES;
				IPHONEOS_DEPLOYMENT_TARGET = 12.1;
				MTL_ENABLE_DEBUG_INFO = NO;
				MTL_FAST_MATH = YES;
				SDKROOT = iphoneos;
				SWIFT_COMPILATION_MODE = wholemodule;
				SWIFT_OPTIMIZATION_LEVEL = "-O";
				VALIDATE_PRODUCT = YES;
			};
			name = Release;
		};
		57F218E921ECEF9700C9994A /* Debug */ = {
			isa = XCBuildConfiguration;
			buildSettings = {
				ASSETCATALOG_COMPILER_APPICON_NAME = AppIcon;
				CODE_SIGN_STYLE = Automatic;
				DEVELOPMENT_TEAM = ZEKMNK5YD3;
				INFOPLIST_FILE = ImagePickerDemo/Info.plist;
				LD_RUNPATH_SEARCH_PATHS = (
					"$(inherited)",
					"@executable_path/Frameworks",
				);
				PRODUCT_BUNDLE_IDENTIFIER = com.alexcpaul.ImagePickerDemo;
				PRODUCT_NAME = "$(TARGET_NAME)";
				SWIFT_VERSION = 4.2;
				TARGETED_DEVICE_FAMILY = "1,2";
			};
			name = Debug;
		};
		57F218EA21ECEF9700C9994A /* Release */ = {
			isa = XCBuildConfiguration;
			buildSettings = {
				ASSETCATALOG_COMPILER_APPICON_NAME = AppIcon;
				CODE_SIGN_STYLE = Automatic;
				DEVELOPMENT_TEAM = ZEKMNK5YD3;
				INFOPLIST_FILE = ImagePickerDemo/Info.plist;
				LD_RUNPATH_SEARCH_PATHS = (
					"$(inherited)",
					"@executable_path/Frameworks",
				);
				PRODUCT_BUNDLE_IDENTIFIER = com.alexcpaul.ImagePickerDemo;
				PRODUCT_NAME = "$(TARGET_NAME)";
				SWIFT_VERSION = 4.2;
				TARGETED_DEVICE_FAMILY = "1,2";
			};
			name = Release;
		};
/* End XCBuildConfiguration section */

/* Begin XCConfigurationList section */
		57F218D121ECEF9600C9994A /* Build configuration list for PBXProject "ImagePickerDemo" */ = {
			isa = XCConfigurationList;
			buildConfigurations = (
				57F218E621ECEF9700C9994A /* Debug */,
				57F218E721ECEF9700C9994A /* Release */,
			);
			defaultConfigurationIsVisible = 0;
			defaultConfigurationName = Release;
		};
		57F218E821ECEF9700C9994A /* Build configuration list for PBXNativeTarget "ImagePickerDemo" */ = {
			isa = XCConfigurationList;
			buildConfigurations = (
				57F218E921ECEF9700C9994A /* Debug */,
				57F218EA21ECEF9700C9994A /* Release */,
			);
			defaultConfigurationIsVisible = 0;
			defaultConfigurationName = Release;
		};
/* End XCConfigurationList section */
	};
	rootObject = 57F218CE21ECEF9600C9994A /* Project object */;
}
